// !$*UTF8*$!
{
	archiveVersion = 1;
	classes = {
	};
	objectVersion = 46;
	objects = {

/* Begin PBXBuildFile section */
		34B4D5381CFE1DEE00305AFC /* main.m in Sources */ = {isa = PBXBuildFile; fileRef = 34B4D5371CFE1DEE00305AFC /* main.m */; };
		34B4D53B1CFE1DEE00305AFC /* AppDelegate.m in Sources */ = {isa = PBXBuildFile; fileRef = 34B4D53A1CFE1DEE00305AFC /* AppDelegate.m */; };
		34B4D53E1CFE1DEE00305AFC /* ViewController.m in Sources */ = {isa = PBXBuildFile; fileRef = 34B4D53D1CFE1DEE00305AFC /* ViewController.m */; };
		34B4D5411CFE1DEE00305AFC /* Main.storyboard in Resources */ = {isa = PBXBuildFile; fileRef = 34B4D53F1CFE1DEE00305AFC /* Main.storyboard */; };
		34B4D5431CFE1DEE00305AFC /* Assets.xcassets in Resources */ = {isa = PBXBuildFile; fileRef = 34B4D5421CFE1DEE00305AFC /* Assets.xcassets */; };
		34B4D5461CFE1DEE00305AFC /* LaunchScreen.storyboard in Resources */ = {isa = PBXBuildFile; fileRef = 34B4D5441CFE1DEE00305AFC /* LaunchScreen.storyboard */; };
		34B4D54F1CFE29F700305AFC /* StarWarsCharacter.m in Sources */ = {isa = PBXBuildFile; fileRef = 34B4D54E1CFE29F700305AFC /* StarWarsCharacter.m */; };
		34B4D5521CFE3C6200305AFC /* ProfileViewController.m in Sources */ = {isa = PBXBuildFile; fileRef = 34B4D5511CFE3C6200305AFC /* ProfileViewController.m */; };
/* End PBXBuildFile section */

/* Begin PBXFileReference section */
		34B4D5331CFE1DEE00305AFC /* Star Wars.app */ = {isa = PBXFileReference; explicitFileType = wrapper.application; includeInIndex = 0; path = "Star Wars.app"; sourceTree = BUILT_PRODUCTS_DIR; };
		34B4D5371CFE1DEE00305AFC /* main.m */ = {isa = PBXFileReference; lastKnownFileType = sourcecode.c.objc; path = main.m; sourceTree = "<group>"; };
		34B4D5391CFE1DEE00305AFC /* AppDelegate.h */ = {isa = PBXFileReference; lastKnownFileType = sourcecode.c.h; path = AppDelegate.h; sourceTree = "<group>"; };
		34B4D53A1CFE1DEE00305AFC /* AppDelegate.m */ = {isa = PBXFileReference; lastKnownFileType = sourcecode.c.objc; path = AppDelegate.m; sourceTree = "<group>"; };
		34B4D53C1CFE1DEE00305AFC /* ViewController.h */ = {isa = PBXFileReference; lastKnownFileType = sourcecode.c.h; path = ViewController.h; sourceTree = "<group>"; };
		34B4D53D1CFE1DEE00305AFC /* ViewController.m */ = {isa = PBXFileReference; lastKnownFileType = sourcecode.c.objc; path = ViewController.m; sourceTree = "<group>"; };
		34B4D5401CFE1DEE00305AFC /* Base */ = {isa = PBXFileReference; lastKnownFileType = file.storyboard; name = Base; path = Base.lproj/Main.storyboard; sourceTree = "<group>"; };
		34B4D5421CFE1DEE00305AFC /* Assets.xcassets */ = {isa = PBXFileReference; lastKnownFileType = folder.assetcatalog; path = Assets.xcassets; sourceTree = "<group>"; };
		34B4D5451CFE1DEE00305AFC /* Base */ = {isa = PBXFileReference; lastKnownFileType = file.storyboard; name = Base; path = Base.lproj/LaunchScreen.storyboard; sourceTree = "<group>"; };
		34B4D5471CFE1DEE00305AFC /* Info.plist */ = {isa = PBXFileReference; lastKnownFileType = text.plist.xml; path = Info.plist; sourceTree = "<group>"; };
		34B4D54D1CFE29F700305AFC /* StarWarsCharacter.h */ = {isa = PBXFileReference; fileEncoding = 4; lastKnownFileType = sourcecode.c.h; path = StarWarsCharacter.h; sourceTree = "<group>"; };
		34B4D54E1CFE29F700305AFC /* StarWarsCharacter.m */ = {isa = PBXFileReference; fileEncoding = 4; lastKnownFileType = sourcecode.c.objc; path = StarWarsCharacter.m; sourceTree = "<group>"; };
		34B4D5501CFE3C6200305AFC /* ProfileViewController.h */ = {isa = PBXFileReference; fileEncoding = 4; lastKnownFileType = sourcecode.c.h; path = ProfileViewController.h; sourceTree = "<group>"; };
		34B4D5511CFE3C6200305AFC /* ProfileViewController.m */ = {isa = PBXFileReference; fileEncoding = 4; lastKnownFileType = sourcecode.c.objc; path = ProfileViewController.m; sourceTree = "<group>"; };
/* End PBXFileReference section */

/* Begin PBXFrameworksBuildPhase section */
		34B4D5301CFE1DEE00305AFC /* Frameworks */ = {
			isa = PBXFrameworksBuildPhase;
			buildActionMask = 2147483647;
			files = (
			);
			runOnlyForDeploymentPostprocessing = 0;
		};
/* End PBXFrameworksBuildPhase section */

/* Begin PBXGroup section */
		34B4D52A1CFE1DEE00305AFC = {
			isa = PBXGroup;
			children = (
				34B4D5351CFE1DEE00305AFC /* Star Wars */,
				34B4D5341CFE1DEE00305AFC /* Products */,
			);
			sourceTree = "<group>";
		};
		34B4D5341CFE1DEE00305AFC /* Products */ = {
			isa = PBXGroup;
			children = (
				34B4D5331CFE1DEE00305AFC /* Star Wars.app */,
			);
			name = Products;
			sourceTree = "<group>";
		};
		34B4D5351CFE1DEE00305AFC /* Star Wars */ = {
			isa = PBXGroup;
			children = (
				34B4D5391CFE1DEE00305AFC /* AppDelegate.h */,
				34B4D53A1CFE1DEE00305AFC /* AppDelegate.m */,
				34B4D53C1CFE1DEE00305AFC /* ViewController.h */,
				34B4D53D1CFE1DEE00305AFC /* ViewController.m */,
				34B4D54D1CFE29F700305AFC /* StarWarsCharacter.h */,
				34B4D54E1CFE29F700305AFC /* StarWarsCharacter.m */,
				34B4D5501CFE3C6200305AFC /* ProfileViewController.h */,
				34B4D5511CFE3C6200305AFC /* ProfileViewController.m */,
				34B4D53F1CFE1DEE00305AFC /* Main.storyboard */,
				34B4D5421CFE1DEE00305AFC /* Assets.xcassets */,
				34B4D5441CFE1DEE00305AFC /* LaunchScreen.storyboard */,
				34B4D5471CFE1DEE00305AFC /* Info.plist */,
				34B4D5361CFE1DEE00305AFC /* Supporting Files */,
			);
			path = "Star Wars";
			sourceTree = "<group>";
		};
		34B4D5361CFE1DEE00305AFC /* Supporting Files */ = {
			isa = PBXGroup;
			children = (
				34B4D5371CFE1DEE00305AFC /* main.m */,
			);
			name = "Supporting Files";
			sourceTree = "<group>";
		};
/* End PBXGroup section */

/* Begin PBXNativeTarget section */
		34B4D5321CFE1DEE00305AFC /* Star Wars */ = {
			isa = PBXNativeTarget;
			buildConfigurationList = 34B4D54A1CFE1DEE00305AFC /* Build configuration list for PBXNativeTarget "Star Wars" */;
			buildPhases = (
				34B4D52F1CFE1DEE00305AFC /* Sources */,
				34B4D5301CFE1DEE00305AFC /* Frameworks */,
				34B4D5311CFE1DEE00305AFC /* Resources */,
			);
			buildRules = (
			);
			dependencies = (
			);
			name = "Star Wars";
			productName = "Star Wars";
			productReference = 34B4D5331CFE1DEE00305AFC /* Star Wars.app */;
			productType = "com.apple.product-type.application";
		};
/* End PBXNativeTarget section */

/* Begin PBXProject section */
		34B4D52B1CFE1DEE00305AFC /* Project object */ = {
			isa = PBXProject;
			attributes = {
				LastUpgradeCheck = 0730;
				ORGANIZATIONNAME = FrostEnterprises;
				TargetAttributes = {
					34B4D5321CFE1DEE00305AFC = {
						CreatedOnToolsVersion = 7.3.1;
					};
				};
			};
			buildConfigurationList = 34B4D52E1CFE1DEE00305AFC /* Build configuration list for PBXProject "Star Wars" */;
			compatibilityVersion = "Xcode 3.2";
			developmentRegion = English;
			hasScannedForEncodings = 0;
			knownRegions = (
				en,
				Base,
			);
			mainGroup = 34B4D52A1CFE1DEE00305AFC;
			productRefGroup = 34B4D5341CFE1DEE00305AFC /* Products */;
			projectDirPath = "";
			projectRoot = "";
			targets = (
				34B4D5321CFE1DEE00305AFC /* Star Wars */,
			);
		};
/* End PBXProject section */

/* Begin PBXResourcesBuildPhase section */
		34B4D5311CFE1DEE00305AFC /* Resources */ = {
			isa = PBXResourcesBuildPhase;
			buildActionMask = 2147483647;
			files = (
				34B4D5461CFE1DEE00305AFC /* LaunchScreen.storyboard in Resources */,
				34B4D5431CFE1DEE00305AFC /* Assets.xcassets in Resources */,
				34B4D5411CFE1DEE00305AFC /* Main.storyboard in Resources */,
			);
			runOnlyForDeploymentPostprocessing = 0;
		};
/* End PBXResourcesBuildPhase section */

/* Begin PBXSourcesBuildPhase section */
		34B4D52F1CFE1DEE00305AFC /* Sources */ = {
			isa = PBXSourcesBuildPhase;
			buildActionMask = 2147483647;
			files = (
				34B4D53E1CFE1DEE00305AFC /* ViewController.m in Sources */,
				34B4D53B1CFE1DEE00305AFC /* AppDelegate.m in Sources */,
				34B4D54F1CFE29F700305AFC /* StarWarsCharacter.m in Sources */,
				34B4D5381CFE1DEE00305AFC /* main.m in Sources */,
				34B4D5521CFE3C6200305AFC /* ProfileViewController.m in Sources */,
			);
			runOnlyForDeploymentPostprocessing = 0;
		};
/* End PBXSourcesBuildPhase section */

/* Begin PBXVariantGroup section */
		34B4D53F1CFE1DEE00305AFC /* Main.storyboard */ = {
			isa = PBXVariantGroup;
			children = (
				34B4D5401CFE1DEE00305AFC /* Base */,
			);
			name = Main.storyboard;
			sourceTree = "<group>";
		};
		34B4D5441CFE1DEE00305AFC /* LaunchScreen.storyboard */ = {
			isa = PBXVariantGroup;
			children = (
				34B4D5451CFE1DEE00305AFC /* Base */,
			);
			name = LaunchScreen.storyboard;
			sourceTree = "<group>";
		};
/* End PBXVariantGroup section */

/* Begin XCBuildConfiguration section */
		34B4D5481CFE1DEE00305AFC /* Debug */ = {
			isa = XCBuildConfiguration;
			buildSettings = {
				ALWAYS_SEARCH_USER_PATHS = NO;
				CLANG_ANALYZER_NONNULL = YES;
				CLANG_CXX_LANGUAGE_STANDARD = "gnu++0x";
				CLANG_CXX_LIBRARY = "libc++";
				CLANG_ENABLE_MODULES = YES;
				CLANG_ENABLE_OBJC_ARC = YES;
				CLANG_WARN_BOOL_CONVERSION = YES;
				CLANG_WARN_CONSTANT_CONVERSION = YES;
				CLANG_WARN_DIRECT_OBJC_ISA_USAGE = YES_ERROR;
				CLANG_WARN_EMPTY_BODY = YES;
				CLANG_WARN_ENUM_CONVERSION = YES;
				CLANG_WARN_INT_CONVERSION = YES;
				CLANG_WARN_OBJC_ROOT_CLASS = YES_ERROR;
				CLANG_WARN_UNREACHABLE_CODE = YES;
				CLANG_WARN__DUPLICATE_METHOD_MATCH = YES;
				"CODE_SIGN_IDENTITY[sdk=iphoneos*]" = "iPhone Developer";
				COPY_PHASE_STRIP = NO;
				DEBUG_INFORMATION_FORMAT = dwarf;
				ENABLE_STRICT_OBJC_MSGSEND = YES;
				ENABLE_TESTABILITY = YES;
				GCC_C_LANGUAGE_STANDARD = gnu99;
				GCC_DYNAMIC_NO_PIC = NO;
				GCC_NO_COMMON_BLOCKS = YES;
				GCC_OPTIMIZATION_LEVEL = 0;
				GCC_PREPROCESSOR_DEFINITIONS = (
					"DEBUG=1",
					"$(inherited)",
				);
				GCC_WARN_64_TO_32_BIT_CONVERSION = YES;
				GCC_WARN_ABOUT_RETURN_TYPE = YES_ERROR;
				GCC_WARN_UNDECLARED_SELECTOR = YES;
				GCC_WARN_UNINITIALIZED_AUTOS = YES_AGGRESSIVE;
				GCC_WARN_UNUSED_FUNCTION = YES;
				GCC_WARN_UNUSED_VARIABLE = YES;
				IPHONEOS_DEPLOYMENT_TARGET = 9.3;
				MTL_ENABLE_DEBUG_INFO = YES;
				ONLY_ACTIVE_ARCH = YES;
				SDKROOT = iphoneos;
			};
			name = Debug;
		};
		34B4D5491CFE1DEE00305AFC /* Release */ = {
			isa = XCBuildConfiguration;
			buildSettings = {
				ALWAYS_SEARCH_USER_PATHS = NO;
				CLANG_ANALYZER_NONNULL = YES;
				CLANG_CXX_LANGUAGE_STANDARD = "gnu++0x";
				CLANG_CXX_LIBRARY = "libc++";
				CLANG_ENABLE_MODULES = YES;
				CLANG_ENABLE_OBJC_ARC = YES;
				CLANG_WARN_BOOL_CONVERSION = YES;
				CLANG_WARN_CONSTANT_CONVERSION = YES;
				CLANG_WARN_DIRECT_OBJC_ISA_USAGE = YES_ERROR;
				CLANG_WARN_EMPTY_BODY = YES;
				CLANG_WARN_ENUM_CONVERSION = YES;
				CLANG_WARN_INT_CONVERSION = YES;
				CLANG_WARN_OBJC_ROOT_CLASS = YES_ERROR;
				CLANG_WARN_UNREACHABLE_CODE = YES;
				CLANG_WARN__DUPLICATE_METHOD_MATCH = YES;
				"CODE_SIGN_IDENTITY[sdk=iphoneos*]" = "iPhone Developer";
				COPY_PHASE_STRIP = NO;
				DEBUG_INFORMATION_FORMAT = "dwarf-with-dsym";
				ENABLE_NS_ASSERTIONS = NO;
				ENABLE_STRICT_OBJC_MSGSEND = YES;
				GCC_C_LANGUAGE_STANDARD = gnu99;
				GCC_NO_COMMON_BLOCKS = YES;
				GCC_WARN_64_TO_32_BIT_CONVERSION = YES;
				GCC_WARN_ABOUT_RETURN_TYPE = YES_ERROR;
				GCC_WARN_UNDECLARED_SELECTOR = YES;
				GCC_WARN_UNINITIALIZED_AUTOS = YES_AGGRESSIVE;
				GCC_WARN_UNUSED_FUNCTION = YES;
				GCC_WARN_UNUSED_VARIABLE = YES;
				IPHONEOS_DEPLOYMENT_TARGET = 9.3;
				MTL_ENABLE_DEBUG_INFO = NO;
				SDKROOT = iphoneos;
				VALIDATE_PRODUCT = YES;
			};
			name = Release;
		};
		34B4D54B1CFE1DEE00305AFC /* Debug */ = {
			isa = XCBuildConfiguration;
			buildSettings = {
				ASSETCATALOG_COMPILER_APPICON_NAME = AppIcon;
				INFOPLIST_FILE = "Star Wars/Info.plist";
				LD_RUNPATH_SEARCH_PATHS = "$(inherited) @executable_path/Frameworks";
				PRODUCT_BUNDLE_IDENTIFIER = "com.FrostEnterprises.Star-Wars";
				PRODUCT_NAME = "$(TARGET_NAME)";
			};
			name = Debug;
		};
		34B4D54C1CFE1DEE00305AFC /* Release */ = {
			isa = XCBuildConfiguration;
			buildSettings = {
				ASSETCATALOG_COMPILER_APPICON_NAME = AppIcon;
				INFOPLIST_FILE = "Star Wars/Info.plist";
				LD_RUNPATH_SEARCH_PATHS = "$(inherited) @executable_path/Frameworks";
				PRODUCT_BUNDLE_IDENTIFIER = "com.FrostEnterprises.Star-Wars";
				PRODUCT_NAME = "$(TARGET_NAME)";
			};
			name = Release;
		};
/* End XCBuildConfiguration section */

/* Begin XCConfigurationList section */
		34B4D52E1CFE1DEE00305AFC /* Build configuration list for PBXProject "Star Wars" */ = {
			isa = XCConfigurationList;
			buildConfigurations = (
				34B4D5481CFE1DEE00305AFC /* Debug */,
				34B4D5491CFE1DEE00305AFC /* Release */,
			);
			defaultConfigurationIsVisible = 0;
			defaultConfigurationName = Release;
		};
		34B4D54A1CFE1DEE00305AFC /* Build configuration list for PBXNativeTarget "Star Wars" */ = {
			isa = XCConfigurationList;
			buildConfigurations = (
				34B4D54B1CFE1DEE00305AFC /* Debug */,
				34B4D54C1CFE1DEE00305AFC /* Release */,
			);
			defaultConfigurationIsVisible = 0;
			defaultConfigurationName = Release;
		};
/* End XCConfigurationList section */
	};
	rootObject = 34B4D52B1CFE1DEE00305AFC /* Project object */;
}
