// !$*UTF8*$!
{
	archiveVersion = 1;
	classes = {
	};
	objectVersion = 46;
	objects = {

/* Begin PBXBuildFile section */
		34B4D5611CFEA36A00305AFC /* main.m in Sources */ = {isa = PBXBuildFile; fileRef = 34B4D5601CFEA36A00305AFC /* main.m */; };
		34B4D5641CFEA36A00305AFC /* AppDelegate.m in Sources */ = {isa = PBXBuildFile; fileRef = 34B4D5631CFEA36A00305AFC /* AppDelegate.m */; };
		34B4D5671CFEA36A00305AFC /* ViewController.m in Sources */ = {isa = PBXBuildFile; fileRef = 34B4D5661CFEA36A00305AFC /* ViewController.m */; };
		34B4D56A1CFEA36A00305AFC /* Main.storyboard in Resources */ = {isa = PBXBuildFile; fileRef = 34B4D5681CFEA36A00305AFC /* Main.storyboard */; };
		34B4D56C1CFEA36A00305AFC /* Assets.xcassets in Resources */ = {isa = PBXBuildFile; fileRef = 34B4D56B1CFEA36A00305AFC /* Assets.xcassets */; };
		34B4D56F1CFEA36A00305AFC /* LaunchScreen.storyboard in Resources */ = {isa = PBXBuildFile; fileRef = 34B4D56D1CFEA36A00305AFC /* LaunchScreen.storyboard */; };
		34B4D5781CFEB1B600305AFC /* CharacterDetailViewController.m in Sources */ = {isa = PBXBuildFile; fileRef = 34B4D5771CFEB1B600305AFC /* CharacterDetailViewController.m */; };
		34B4D57B1CFEB40500305AFC /* StarWarsCharacter.m in Sources */ = {isa = PBXBuildFile; fileRef = 34B4D57A1CFEB40500305AFC /* StarWarsCharacter.m */; };
/* End PBXBuildFile section */

/* Begin PBXFileReference section */
		34B4D55C1CFEA36A00305AFC /* StarWars2.app */ = {isa = PBXFileReference; explicitFileType = wrapper.application; includeInIndex = 0; path = StarWars2.app; sourceTree = BUILT_PRODUCTS_DIR; };
		34B4D5601CFEA36A00305AFC /* main.m */ = {isa = PBXFileReference; lastKnownFileType = sourcecode.c.objc; path = main.m; sourceTree = "<group>"; };
		34B4D5621CFEA36A00305AFC /* AppDelegate.h */ = {isa = PBXFileReference; lastKnownFileType = sourcecode.c.h; path = AppDelegate.h; sourceTree = "<group>"; };
		34B4D5631CFEA36A00305AFC /* AppDelegate.m */ = {isa = PBXFileReference; lastKnownFileType = sourcecode.c.objc; path = AppDelegate.m; sourceTree = "<group>"; };
		34B4D5651CFEA36A00305AFC /* ViewController.h */ = {isa = PBXFileReference; lastKnownFileType = sourcecode.c.h; path = ViewController.h; sourceTree = "<group>"; };
		34B4D5661CFEA36A00305AFC /* ViewController.m */ = {isa = PBXFileReference; lastKnownFileType = sourcecode.c.objc; path = ViewController.m; sourceTree = "<group>"; };
		34B4D5691CFEA36A00305AFC /* Base */ = {isa = PBXFileReference; lastKnownFileType = file.storyboard; name = Base; path = Base.lproj/Main.storyboard; sourceTree = "<group>"; };
		34B4D56B1CFEA36A00305AFC /* Assets.xcassets */ = {isa = PBXFileReference; lastKnownFileType = folder.assetcatalog; path = Assets.xcassets; sourceTree = "<group>"; };
		34B4D56E1CFEA36A00305AFC /* Base */ = {isa = PBXFileReference; lastKnownFileType = file.storyboard; name = Base; path = Base.lproj/LaunchScreen.storyboard; sourceTree = "<group>"; };
		34B4D5701CFEA36A00305AFC /* Info.plist */ = {isa = PBXFileReference; lastKnownFileType = text.plist.xml; path = Info.plist; sourceTree = "<group>"; };
		34B4D5761CFEB1B600305AFC /* CharacterDetailViewController.h */ = {isa = PBXFileReference; fileEncoding = 4; lastKnownFileType = sourcecode.c.h; path = CharacterDetailViewController.h; sourceTree = "<group>"; };
		34B4D5771CFEB1B600305AFC /* CharacterDetailViewController.m */ = {isa = PBXFileReference; fileEncoding = 4; lastKnownFileType = sourcecode.c.objc; path = CharacterDetailViewController.m; sourceTree = "<group>"; };
		34B4D5791CFEB40500305AFC /* StarWarsCharacter.h */ = {isa = PBXFileReference; fileEncoding = 4; lastKnownFileType = sourcecode.c.h; path = StarWarsCharacter.h; sourceTree = "<group>"; };
		34B4D57A1CFEB40500305AFC /* StarWarsCharacter.m */ = {isa = PBXFileReference; fileEncoding = 4; lastKnownFileType = sourcecode.c.objc; path = StarWarsCharacter.m; sourceTree = "<group>"; };
/* End PBXFileReference section */

/* Begin PBXFrameworksBuildPhase section */
		34B4D5591CFEA36A00305AFC /* Frameworks */ = {
			isa = PBXFrameworksBuildPhase;
			buildActionMask = 2147483647;
			files = (
			);
			runOnlyForDeploymentPostprocessing = 0;
		};
/* End PBXFrameworksBuildPhase section */

/* Begin PBXGroup section */
		34B4D5531CFEA36A00305AFC = {
			isa = PBXGroup;
			children = (
				34B4D55E1CFEA36A00305AFC /* StarWars2 */,
				34B4D55D1CFEA36A00305AFC /* Products */,
			);
			sourceTree = "<group>";
		};
		34B4D55D1CFEA36A00305AFC /* Products */ = {
			isa = PBXGroup;
			children = (
				34B4D55C1CFEA36A00305AFC /* StarWars2.app */,
			);
			name = Products;
			sourceTree = "<group>";
		};
		34B4D55E1CFEA36A00305AFC /* StarWars2 */ = {
			isa = PBXGroup;
			children = (
				34B4D5621CFEA36A00305AFC /* AppDelegate.h */,
				34B4D5631CFEA36A00305AFC /* AppDelegate.m */,
				34B4D5651CFEA36A00305AFC /* ViewController.h */,
				34B4D5661CFEA36A00305AFC /* ViewController.m */,
				34B4D5761CFEB1B600305AFC /* CharacterDetailViewController.h */,
				34B4D5771CFEB1B600305AFC /* CharacterDetailViewController.m */,
				34B4D5791CFEB40500305AFC /* StarWarsCharacter.h */,
				34B4D57A1CFEB40500305AFC /* StarWarsCharacter.m */,
				34B4D5681CFEA36A00305AFC /* Main.storyboard */,
				34B4D56B1CFEA36A00305AFC /* Assets.xcassets */,
				34B4D56D1CFEA36A00305AFC /* LaunchScreen.storyboard */,
				34B4D5701CFEA36A00305AFC /* Info.plist */,
				34B4D55F1CFEA36A00305AFC /* Supporting Files */,
			);
			path = StarWars2;
			sourceTree = "<group>";
		};
		34B4D55F1CFEA36A00305AFC /* Supporting Files */ = {
			isa = PBXGroup;
			children = (
				34B4D5601CFEA36A00305AFC /* main.m */,
			);
			name = "Supporting Files";
			sourceTree = "<group>";
		};
/* End PBXGroup section */

/* Begin PBXNativeTarget section */
		34B4D55B1CFEA36A00305AFC /* StarWars2 */ = {
			isa = PBXNativeTarget;
			buildConfigurationList = 34B4D5731CFEA36A00305AFC /* Build configuration list for PBXNativeTarget "StarWars2" */;
			buildPhases = (
				34B4D5581CFEA36A00305AFC /* Sources */,
				34B4D5591CFEA36A00305AFC /* Frameworks */,
				34B4D55A1CFEA36A00305AFC /* Resources */,
			);
			buildRules = (
			);
			dependencies = (
			);
			name = StarWars2;
			productName = StarWars2;
			productReference = 34B4D55C1CFEA36A00305AFC /* StarWars2.app */;
			productType = "com.apple.product-type.application";
		};
/* End PBXNativeTarget section */

/* Begin PBXProject section */
		34B4D5541CFEA36A00305AFC /* Project object */ = {
			isa = PBXProject;
			attributes = {
				LastUpgradeCheck = 0730;
				ORGANIZATIONNAME = FrostEnterprises;
				TargetAttributes = {
					34B4D55B1CFEA36A00305AFC = {
						CreatedOnToolsVersion = 7.3.1;
					};
				};
			};
			buildConfigurationList = 34B4D5571CFEA36A00305AFC /* Build configuration list for PBXProject "StarWars2" */;
			compatibilityVersion = "Xcode 3.2";
			developmentRegion = English;
			hasScannedForEncodings = 0;
			knownRegions = (
				en,
				Base,
			);
			mainGroup = 34B4D5531CFEA36A00305AFC;
			productRefGroup = 34B4D55D1CFEA36A00305AFC /* Products */;
			projectDirPath = "";
			projectRoot = "";
			targets = (
				34B4D55B1CFEA36A00305AFC /* StarWars2 */,
			);
		};
/* End PBXProject section */

/* Begin PBXResourcesBuildPhase section */
		34B4D55A1CFEA36A00305AFC /* Resources */ = {
			isa = PBXResourcesBuildPhase;
			buildActionMask = 2147483647;
			files = (
				34B4D56F1CFEA36A00305AFC /* LaunchScreen.storyboard in Resources */,
				34B4D56C1CFEA36A00305AFC /* Assets.xcassets in Resources */,
				34B4D56A1CFEA36A00305AFC /* Main.storyboard in Resources */,
			);
			runOnlyForDeploymentPostprocessing = 0;
		};
/* End PBXResourcesBuildPhase section */

/* Begin PBXSourcesBuildPhase section */
		34B4D5581CFEA36A00305AFC /* Sources */ = {
			isa = PBXSourcesBuildPhase;
			buildActionMask = 2147483647;
			files = (
				34B4D57B1CFEB40500305AFC /* StarWarsCharacter.m in Sources */,
				34B4D5671CFEA36A00305AFC /* ViewController.m in Sources */,
				34B4D5781CFEB1B600305AFC /* CharacterDetailViewController.m in Sources */,
				34B4D5641CFEA36A00305AFC /* AppDelegate.m in Sources */,
				34B4D5611CFEA36A00305AFC /* main.m in Sources */,
			);
			runOnlyForDeploymentPostprocessing = 0;
		};
/* End PBXSourcesBuildPhase section */

/* Begin PBXVariantGroup section */
		34B4D5681CFEA36A00305AFC /* Main.storyboard */ = {
			isa = PBXVariantGroup;
			children = (
				34B4D5691CFEA36A00305AFC /* Base */,
			);
			name = Main.storyboard;
			sourceTree = "<group>";
		};
		34B4D56D1CFEA36A00305AFC /* LaunchScreen.storyboard */ = {
			isa = PBXVariantGroup;
			children = (
				34B4D56E1CFEA36A00305AFC /* Base */,
			);
			name = LaunchScreen.storyboard;
			sourceTree = "<group>";
		};
/* End PBXVariantGroup section */

/* Begin XCBuildConfiguration section */
		34B4D5711CFEA36A00305AFC /* Debug */ = {
			isa = XCBuildConfiguration;
			buildSettings = {
				ALWAYS_SEARCH_USER_PATHS = NO;
				CLANG_ANALYZER_NONNULL = YES;
				CLANG_CXX_LANGUAGE_STANDARD = "gnu++0x";
				CLANG_CXX_LIBRARY = "libc++";
				CLANG_ENABLE_MODULES = YES;
				CLANG_ENABLE_OBJC_ARC = YES;
				CLANG_WARN_BOOL_CONVERSION = YES;
				CLANG_WARN_CONSTANT_CONVERSION = YES;
				CLANG_WARN_DIRECT_OBJC_ISA_USAGE = YES_ERROR;
				CLANG_WARN_EMPTY_BODY = YES;
				CLANG_WARN_ENUM_CONVERSION = YES;
				CLANG_WARN_INT_CONVERSION = YES;
				CLANG_WARN_OBJC_ROOT_CLASS = YES_ERROR;
				CLANG_WARN_UNREACHABLE_CODE = YES;
				CLANG_WARN__DUPLICATE_METHOD_MATCH = YES;
				"CODE_SIGN_IDENTITY[sdk=iphoneos*]" = "iPhone Developer";
				COPY_PHASE_STRIP = NO;
				DEBUG_INFORMATION_FORMAT = dwarf;
				ENABLE_STRICT_OBJC_MSGSEND = YES;
				ENABLE_TESTABILITY = YES;
				GCC_C_LANGUAGE_STANDARD = gnu99;
				GCC_DYNAMIC_NO_PIC = NO;
				GCC_NO_COMMON_BLOCKS = YES;
				GCC_OPTIMIZATION_LEVEL = 0;
				GCC_PREPROCESSOR_DEFINITIONS = (
					"DEBUG=1",
					"$(inherited)",
				);
				GCC_WARN_64_TO_32_BIT_CONVERSION = YES;
				GCC_WARN_ABOUT_RETURN_TYPE = YES_ERROR;
				GCC_WARN_UNDECLARED_SELECTOR = YES;
				GCC_WARN_UNINITIALIZED_AUTOS = YES_AGGRESSIVE;
				GCC_WARN_UNUSED_FUNCTION = YES;
				GCC_WARN_UNUSED_VARIABLE = YES;
				IPHONEOS_DEPLOYMENT_TARGET = 9.3;
				MTL_ENABLE_DEBUG_INFO = YES;
				ONLY_ACTIVE_ARCH = YES;
				SDKROOT = iphoneos;
			};
			name = Debug;
		};
		34B4D5721CFEA36A00305AFC /* Release */ = {
			isa = XCBuildConfiguration;
			buildSettings = {
				ALWAYS_SEARCH_USER_PATHS = NO;
				CLANG_ANALYZER_NONNULL = YES;
				CLANG_CXX_LANGUAGE_STANDARD = "gnu++0x";
				CLANG_CXX_LIBRARY = "libc++";
				CLANG_ENABLE_MODULES = YES;
				CLANG_ENABLE_OBJC_ARC = YES;
				CLANG_WARN_BOOL_CONVERSION = YES;
				CLANG_WARN_CONSTANT_CONVERSION = YES;
				CLANG_WARN_DIRECT_OBJC_ISA_USAGE = YES_ERROR;
				CLANG_WARN_EMPTY_BODY = YES;
				CLANG_WARN_ENUM_CONVERSION = YES;
				CLANG_WARN_INT_CONVERSION = YES;
				CLANG_WARN_OBJC_ROOT_CLASS = YES_ERROR;
				CLANG_WARN_UNREACHABLE_CODE = YES;
				CLANG_WARN__DUPLICATE_METHOD_MATCH = YES;
				"CODE_SIGN_IDENTITY[sdk=iphoneos*]" = "iPhone Developer";
				COPY_PHASE_STRIP = NO;
				DEBUG_INFORMATION_FORMAT = "dwarf-with-dsym";
				ENABLE_NS_ASSERTIONS = NO;
				ENABLE_STRICT_OBJC_MSGSEND = YES;
				GCC_C_LANGUAGE_STANDARD = gnu99;
				GCC_NO_COMMON_BLOCKS = YES;
				GCC_WARN_64_TO_32_BIT_CONVERSION = YES;
				GCC_WARN_ABOUT_RETURN_TYPE = YES_ERROR;
				GCC_WARN_UNDECLARED_SELECTOR = YES;
				GCC_WARN_UNINITIALIZED_AUTOS = YES_AGGRESSIVE;
				GCC_WARN_UNUSED_FUNCTION = YES;
				GCC_WARN_UNUSED_VARIABLE = YES;
				IPHONEOS_DEPLOYMENT_TARGET = 9.3;
				MTL_ENABLE_DEBUG_INFO = NO;
				SDKROOT = iphoneos;
				VALIDATE_PRODUCT = YES;
			};
			name = Release;
		};
		34B4D5741CFEA36A00305AFC /* Debug */ = {
			isa = XCBuildConfiguration;
			buildSettings = {
				ASSETCATALOG_COMPILER_APPICON_NAME = AppIcon;
				INFOPLIST_FILE = StarWars2/Info.plist;
				LD_RUNPATH_SEARCH_PATHS = "$(inherited) @executable_path/Frameworks";
				PRODUCT_BUNDLE_IDENTIFIER = com.FrostEnterprises.StarWars2;
				PRODUCT_NAME = "$(TARGET_NAME)";
			};
			name = Debug;
		};
		34B4D5751CFEA36A00305AFC /* Release */ = {
			isa = XCBuildConfiguration;
			buildSettings = {
				ASSETCATALOG_COMPILER_APPICON_NAME = AppIcon;
				INFOPLIST_FILE = StarWars2/Info.plist;
				LD_RUNPATH_SEARCH_PATHS = "$(inherited) @executable_path/Frameworks";
				PRODUCT_BUNDLE_IDENTIFIER = com.FrostEnterprises.StarWars2;
				PRODUCT_NAME = "$(TARGET_NAME)";
			};
			name = Release;
		};
/* End XCBuildConfiguration section */

/* Begin XCConfigurationList section */
		34B4D5571CFEA36A00305AFC /* Build configuration list for PBXProject "StarWars2" */ = {
			isa = XCConfigurationList;
			buildConfigurations = (
				34B4D5711CFEA36A00305AFC /* Debug */,
				34B4D5721CFEA36A00305AFC /* Release */,
			);
			defaultConfigurationIsVisible = 0;
			defaultConfigurationName = Release;
		};
		34B4D5731CFEA36A00305AFC /* Build configuration list for PBXNativeTarget "StarWars2" */ = {
			isa = XCConfigurationList;
			buildConfigurations = (
				34B4D5741CFEA36A00305AFC /* Debug */,
				34B4D5751CFEA36A00305AFC /* Release */,
			);
			defaultConfigurationIsVisible = 0;
			defaultConfigurationName = Release;
		};
/* End XCConfigurationList section */
	};
	rootObject = 34B4D5541CFEA36A00305AFC /* Project object */;
}
